{
  "name": "service-suivi-perso",
  "version": "1.1.2",
  "lockfileVersion": 1,
  "requires": true,
  "dependencies": {
    "@types/angular": {
      "version": "1.6.39",
      "resolved": "https://registry.npmjs.org/@types/angular/-/angular-1.6.39.tgz",
      "integrity": "sha512-fRj26foAwYbjOwnGSpIaY05+jRxZevHWwzcSrQIsJgh5Xrosbu4fX99+obJH4YFFS8+EkYRwsSpf2vpVddSNVw=="
    },
    "@types/commander": {
      "version": "2.12.2",
      "resolved": "https://registry.npmjs.org/@types/commander/-/commander-2.12.2.tgz",
      "integrity": "sha1-GDBBojhC1CgUePpdI8XKeOb9CK4=",
      "requires": {
        "commander": "2.12.2"
      }
    },
    "@types/semver": {
      "version": "5.4.0",
      "resolved": "https://registry.npmjs.org/@types/semver/-/semver-5.4.0.tgz",
      "integrity": "sha1-82WFNa9/H1AqzW2n2vQF/+sffuQ="
    },
    "@types/underscore": {
      "version": "1.8.5",
      "resolved": "https://registry.npmjs.org/@types/underscore/-/underscore-1.8.5.tgz",
      "integrity": "sha512-7uT7cvLf0saZ4NOsqwG/vu4nyvkvjwibMGGxDEsUkBdaqkq/8apWCnKEpRvcJesO7AnTo+xLqj9/dElDETiT5Q=="
    },
    "@uirouter/angularjs": {
      "version": "1.0.11",
      "resolved": "https://registry.npmjs.org/@uirouter/angularjs/-/angularjs-1.0.11.tgz",
      "integrity": "sha512-AG6DT1mYEGLyRt8/Ggf/1teh4pp0yB99GTufC/pY6FfxmkrVE44dv9bGTOrcEETiPgu1SezsqTMjbXEv55JxCw==",
      "requires": {
        "@uirouter/core": "5.0.11"
      }
    },
    "@uirouter/core": {
      "version": "5.0.11",
      "resolved": "https://registry.npmjs.org/@uirouter/core/-/core-5.0.11.tgz",
      "integrity": "sha512-x8js8f0nJivRMlxVyFcP5VmHyI091qUYCSEP69+m3uTCsIlCvLWmQiT4/FY7YBe9go6tYBBzPV+dWseg5XMD8Q=="
    },
    "amdefine": {
      "version": "1.0.1",
      "resolved": "https://registry.npmjs.org/amdefine/-/amdefine-1.0.1.tgz",
      "integrity": "sha1-SlKCrBZHKek2Gbz9OtFR+BfOkfU="
    },
    "angular": {
      "version": "1.6.7",
      "resolved": "https://registry.npmjs.org/angular/-/angular-1.6.7.tgz",
      "integrity": "sha1-D4mDfa4XdrAcyx+iCW2w2Tc9mJc="
    },
    "angular-animate": {
      "version": "1.6.7",
      "resolved": "https://registry.npmjs.org/angular-animate/-/angular-animate-1.6.7.tgz",
      "integrity": "sha1-vG2+ahkNAZpvuyxzc9QPAc/XWJk="
    },
    "angular-cookies": {
      "version": "1.6.7",
      "resolved": "https://registry.npmjs.org/angular-cookies/-/angular-cookies-1.6.7.tgz",
      "integrity": "sha1-hBuMG6bRAdiG8Wdr2k3BrZCVrUw="
    },
    "angular-dynamic-locale": {
      "version": "https://registry.npmjs.org/angular-dynamic-locale/-/angular-dynamic-locale-0.1.32.tgz",
      "integrity": "sha1-0H/qdSgfJbqUpb5bRt8qAsXjWDY="
    },
    "angular-i18n": {
      "version": "1.6.7",
      "resolved": "https://registry.npmjs.org/angular-i18n/-/angular-i18n-1.6.7.tgz",
      "integrity": "sha1-495JCKI2JXNQ/5MXuMWYYHvht9o="
    },
    "angular-loader": {
      "version": "1.6.7",
      "resolved": "https://registry.npmjs.org/angular-loader/-/angular-loader-1.6.7.tgz",
      "integrity": "sha1-mwoQwLqWmjlRVJq/e7OvEDCr9wA="
    },
    "angular-resource": {
      "version": "1.6.7",
      "resolved": "https://registry.npmjs.org/angular-resource/-/angular-resource-1.6.7.tgz",
      "integrity": "sha1-GsmjPRcV8gQsEyHILKMH5pT/3JM="
    },
    "angular-route": {
      "version": "1.6.7",
      "resolved": "https://registry.npmjs.org/angular-route/-/angular-route-1.6.7.tgz",
      "integrity": "sha1-Aglw2T2LLOTKav8ODXkiV5VDy88="
    },
    "angular-sanitize": {
      "version": "1.6.7",
      "resolved": "https://registry.npmjs.org/angular-sanitize/-/angular-sanitize-1.6.7.tgz",
      "integrity": "sha1-Wj1hrXuLaZkjMpY12ZJIvPziZAg="
    },
    "angular-touch": {
      "version": "1.6.7",
      "resolved": "https://registry.npmjs.org/angular-touch/-/angular-touch-1.6.7.tgz",
      "integrity": "sha1-PEPD1yxglv9ZySBlHfhhtEhup7Y="
    },
    "angular-ui-bootstrap": {
      "version": "2.5.6",
      "resolved": "https://registry.npmjs.org/angular-ui-bootstrap/-/angular-ui-bootstrap-2.5.6.tgz",
      "integrity": "sha512-yzcHpPMLQl0232nDzm5P4iAFTFQ9dMw0QgFLuKYbDj9M0xJ62z0oudYD/Lvh1pWfRsukiytP4Xj6BHOSrSXP8A=="
    },
    "bootstrap": {
      "version": "https://registry.npmjs.org/bootstrap/-/bootstrap-3.3.7.tgz",
      "integrity": "sha1-WjiTlFSfIzMIdaOxUGVldPip63E="
    },
    "bootstrap-css-only": {
      "version": "https://registry.npmjs.org/bootstrap-css-only/-/bootstrap-css-only-2.3.2.tgz",
      "integrity": "sha1-Ig3h1YF15XqwrZgyS3a6bb6sYbE="
    },
    "clone": {
      "version": "2.1.1",
      "resolved": "https://registry.npmjs.org/clone/-/clone-2.1.1.tgz",
      "integrity": "sha1-0hfR6WERjjrJpLi7oyhVU79kfNs="
    },
    "clone-buffer": {
      "version": "1.0.0",
      "resolved": "https://registry.npmjs.org/clone-buffer/-/clone-buffer-1.0.0.tgz",
      "integrity": "sha1-4+JbIHrE5wGvch4staFnksrD3Fg="
    },
    "clone-stats": {
      "version": "1.0.0",
      "resolved": "https://registry.npmjs.org/clone-stats/-/clone-stats-1.0.0.tgz",
      "integrity": "sha1-s3gt/4u1R04Yuba/D9/ngvh3doA="
    },
    "cloneable-readable": {
      "version": "1.0.0",
      "resolved": "https://registry.npmjs.org/cloneable-readable/-/cloneable-readable-1.0.0.tgz",
      "integrity": "sha1-pikNQT8hemEjL5XkWP84QYz7ARc=",
      "requires": {
        "inherits": "2.0.3",
        "process-nextick-args": "1.0.7",
        "through2": "2.0.3"
      }
    },
    "commander": {
      "version": "2.12.2",
      "resolved": "https://registry.npmjs.org/commander/-/commander-2.12.2.tgz",
      "integrity": "sha1-D1lGxCftnsDZGka7ne9T5UZQ5VU="
    },
    "commandpost": {
      "version": "1.2.1",
      "resolved": "https://registry.npmjs.org/commandpost/-/commandpost-1.2.1.tgz",
      "integrity": "sha1-LpxMdQi53HBK/vqpHKuS7mBUzGg="
    },
    "core-util-is": {
      "version": "1.0.2",
      "resolved": "https://registry.npmjs.org/core-util-is/-/core-util-is-1.0.2.tgz",
      "integrity": "sha1-tf1UIgqivFq1eqtxQMlAdUUDwac="
    },
    "editorconfig": {
      "version": "0.15.0",
      "resolved": "https://registry.npmjs.org/editorconfig/-/editorconfig-0.15.0.tgz",
      "integrity": "sha1-tt1KC2ueds5I4Ga9wVOBrruIBP0=",
      "requires": {
        "@types/commander": "2.12.2",
        "@types/semver": "5.4.0",
        "commander": "2.12.2",
        "lru-cache": "4.1.1",
        "semver": "5.4.1",
        "sigmund": "1.0.1"
      }
    },
    "es5-shim": {
      "version": "https://registry.npmjs.org/es5-shim/-/es5-shim-4.5.9.tgz",
      "integrity": "sha1-Kh4rnlg/9f7Qwgo+4svz91IwpcA="
    },
    "font-awesome": {
      "version": "https://registry.npmjs.org/font-awesome/-/font-awesome-4.7.0.tgz",
      "integrity": "sha1-j6jPBBGhoxr9B7BtKQK7n8gVoTM="
    },
    "google-closure-compiler-js": {
      "version": "20171203.0.0",
      "resolved": "https://registry.npmjs.org/google-closure-compiler-js/-/google-closure-compiler-js-20171203.0.0.tgz",
      "integrity": "sha1-KrsYuJA4a42uC0nSGGY9Hx3xvs0=",
      "requires": {
        "minimist": "1.2.0",
        "vinyl": "2.1.0",
        "webpack-core": "0.6.9"
      }
    },
    "inherits": {
      "version": "2.0.3",
      "resolved": "https://registry.npmjs.org/inherits/-/inherits-2.0.3.tgz",
      "integrity": "sha1-Yzwsg+PaQqUC9SRmAiSA9CCCYd4="
    },
    "isarray": {
      "version": "1.0.0",
      "resolved": "https://registry.npmjs.org/isarray/-/isarray-1.0.0.tgz",
      "integrity": "sha1-u5NdSFgsuhaMBoNJV6VKPgcSTxE="
    },
    "laclasse-common-client": {
      "version": "git+https://github.com/laclasse-com/laclasse-common-client.git#c0c91f0582cb5d9d093ae76b31628d04d202b864"
    },
    "lru-cache": {
      "version": "4.1.1",
      "resolved": "https://registry.npmjs.org/lru-cache/-/lru-cache-4.1.1.tgz",
      "integrity": "sha1-Yi4y6CSItJJ5EUpPns9F581rulU=",
      "requires": {
        "pseudomap": "1.0.2",
        "yallist": "2.1.2"
      }
    },
    "minimist": {
      "version": "1.2.0",
      "resolved": "https://registry.npmjs.org/minimist/-/minimist-1.2.0.tgz",
      "integrity": "sha1-o1AIsg9BOD7sH7kU9M1d95omQoQ="
    },
    "ng-color-picker": {
      "version": "git+https://github.com/cycojesus/ng-color-picker.git#3987e5ff134a43bd620269876f4117ef5eec46ff"
    },
    "process-nextick-args": {
      "version": "1.0.7",
      "resolved": "https://registry.npmjs.org/process-nextick-args/-/process-nextick-args-1.0.7.tgz",
      "integrity": "sha1-FQ4gt1ZZCtP5EJPyWk8q2L/zC6M="
    },
    "pseudomap": {
      "version": "1.0.2",
      "resolved": "https://registry.npmjs.org/pseudomap/-/pseudomap-1.0.2.tgz",
      "integrity": "sha1-8FKijacOYYkX7wqKw0wa5aaChrM="
    },
    "rangy": {
      "version": "https://registry.npmjs.org/rangy/-/rangy-1.3.0.tgz",
      "integrity": "sha1-t8mnCuoF5djNx0qNTIJz1pcnGQQ="
    },
    "readable-stream": {
      "version": "2.3.3",
      "resolved": "https://registry.npmjs.org/readable-stream/-/readable-stream-2.3.3.tgz",
      "integrity": "sha512-m+qzzcn7KUxEmd1gMbchF+Y2eIUbieUaxkWtptyHywrX0rE8QEYqPC07Vuy4Wm32/xE16NcdBctb8S0Xe/5IeQ==",
      "requires": {
        "core-util-is": "1.0.2",
        "inherits": "2.0.3",
        "isarray": "1.0.0",
        "process-nextick-args": "1.0.7",
        "safe-buffer": "5.1.1",
        "string_decoder": "1.0.3",
        "util-deprecate": "1.0.2"
      }
    },
    "remove-trailing-separator": {
      "version": "1.1.0",
      "resolved": "https://registry.npmjs.org/remove-trailing-separator/-/remove-trailing-separator-1.1.0.tgz",
      "integrity": "sha1-wkvOKig62tW8P1jg1IJJuSN52O8="
    },
    "replace-ext": {
      "version": "1.0.0",
      "resolved": "https://registry.npmjs.org/replace-ext/-/replace-ext-1.0.0.tgz",
      "integrity": "sha1-3mMSg3P8v3w8z6TeWkgMRaZ5WOs="
    },
    "safe-buffer": {
      "version": "5.1.1",
      "resolved": "https://registry.npmjs.org/safe-buffer/-/safe-buffer-5.1.1.tgz",
      "integrity": "sha512-kKvNJn6Mm93gAczWVJg7wH+wGYWNrDHdWvpUmHyEsgCtIwwo3bqPtV4tR5tuPaUhTOo/kvhVwd8XwwOllGYkbg=="
    },
    "semver": {
      "version": "5.4.1",
      "resolved": "https://registry.npmjs.org/semver/-/semver-5.4.1.tgz",
      "integrity": "sha1-4FnAnYVx8FQII3M0M1BdOi8AsY4="
    },
    "sigmund": {
      "version": "1.0.1",
      "resolved": "https://registry.npmjs.org/sigmund/-/sigmund-1.0.1.tgz",
      "integrity": "sha1-P/IfGYytIXX587eBhT/ZTQ0ZtZA="
    },
    "source-list-map": {
      "version": "0.1.8",
      "resolved": "https://registry.npmjs.org/source-list-map/-/source-list-map-0.1.8.tgz",
      "integrity": "sha1-xVCyq1Qn9rPyH1r+rYjE9Vh7IQY="
    },
    "source-map": {
      "version": "0.4.4",
      "resolved": "https://registry.npmjs.org/source-map/-/source-map-0.4.4.tgz",
      "integrity": "sha1-66T12pwNyZneaAMti092FzZSA2s=",
      "requires": {
        "amdefine": "1.0.1"
      }
    },
    "string_decoder": {
      "version": "1.0.3",
      "resolved": "https://registry.npmjs.org/string_decoder/-/string_decoder-1.0.3.tgz",
      "integrity": "sha512-4AH6Z5fzNNBcH+6XDMfA/BTt87skxqJlO0lAh3Dker5zThcAxG6mKz+iGu308UKoPPQ8Dcqx/4JhujzltRa+hQ==",
      "requires": {
        "safe-buffer": "5.1.1"
      }
    },
    "sweetalert2": {
      "version": "7.0.9",
      "resolved": "https://registry.npmjs.org/sweetalert2/-/sweetalert2-7.0.9.tgz",
      "integrity": "sha512-dSQ+3tHxjvhl9zzUVek9t3Cnup8RNRuIsxaD72J/xVDxP5jdMHMh3hWArzHz3gCQH/nTdgqaWW2pwNAcfn5OXg=="
    },
    "textangular": {
      "version": "1.5.16",
      "resolved": "https://registry.npmjs.org/textangular/-/textangular-1.5.16.tgz",
      "integrity": "sha1-xDGc6tXaE1SJbWC+FX6pi2jZuTY=",
      "requires": {
        "rangy": "https://registry.npmjs.org/rangy/-/rangy-1.3.0.tgz"
      }
    },
    "through2": {
      "version": "2.0.3",
      "resolved": "https://registry.npmjs.org/through2/-/through2-2.0.3.tgz",
      "integrity": "sha1-AARWmzfHx0ujnEPzzteNGtlBQL4=",
      "requires": {
        "readable-stream": "2.3.3",
        "xtend": "4.0.1"
      }
    },
    "typescript": {
      "version": "2.6.2",
      "resolved": "https://registry.npmjs.org/typescript/-/typescript-2.6.2.tgz",
      "integrity": "sha1-PFtv1/beCRQmkCfwPAlGdY92c6Q="
    },
    "typescript-formatter": {
      "version": "7.0.0",
      "resolved": "https://registry.npmjs.org/typescript-formatter/-/typescript-formatter-7.0.0.tgz",
      "integrity": "sha512-T5jP3CsByQ7ct8oO1wxKrJOoTpQboyRz9kPHe1S0YUG5yD0azqzGoJH3RflH90WNR2qOQfyBr3OqLoY2j8JNBw==",
      "requires": {
        "commandpost": "1.2.1",
        "editorconfig": "0.15.0"
      }
    },
    "underscore": {
      "version": "https://registry.npmjs.org/underscore/-/underscore-1.8.3.tgz",
      "integrity": "sha1-Tz+1OxBuYJf8+ctBCfKl6b36UCI="
    },
    "util-deprecate": {
      "version": "1.0.2",
      "resolved": "https://registry.npmjs.org/util-deprecate/-/util-deprecate-1.0.2.tgz",
      "integrity": "sha1-RQ1Nyfpw3nMnYvvS1KKJgUGaDM8="
    },
    "vinyl": {
      "version": "2.1.0",
      "resolved": "https://registry.npmjs.org/vinyl/-/vinyl-2.1.0.tgz",
      "integrity": "sha1-Ah+cLPlR1rk5lDyJ617lrdT9kkw=",
      "requires": {
        "clone": "2.1.1",
        "clone-buffer": "1.0.0",
        "clone-stats": "1.0.0",
        "cloneable-readable": "1.0.0",
        "remove-trailing-separator": "1.1.0",
        "replace-ext": "1.0.0"
      }
    },
    "webpack-core": {
      "version": "0.6.9",
      "resolved": "https://registry.npmjs.org/webpack-core/-/webpack-core-0.6.9.tgz",
      "integrity": "sha1-/FcViMhVjad76e+23r3Fo7FyvcI=",
      "requires": {
        "source-list-map": "0.1.8",
        "source-map": "0.4.4"
      }
    },
    "xtend": {
      "version": "4.0.1",
      "resolved": "https://registry.npmjs.org/xtend/-/xtend-4.0.1.tgz",
      "integrity": "sha1-pcbVMr5lbiPbgg77lDofBJmNY68="
    },
    "yallist": {
      "version": "2.1.2",
      "resolved": "https://registry.npmjs.org/yallist/-/yallist-2.1.2.tgz",
      "integrity": "sha1-HBH5IY8HYImkfdUS+TxmmaaoHVI="
    }
  }
}
