{
  "name": "service-suivi-perso",
  "version": "1.1.2",
  "lockfileVersion": 1,
  "requires": true,
  "dependencies": {
    "@types/angular": {
      "version": "1.6.43",
      "resolved": "https://registry.npmjs.org/@types/angular/-/angular-1.6.43.tgz",
      "integrity": "sha512-3GrHCRZS62ruJjHMtOx3WYsS0I8i0FRcIqOwqIfWXnlR9g2FebEhUNdMk3LZIvfhZ08xe+S1x2iwP1t9vKCHag=="
    },
    "@types/commander": {
      "version": "2.12.2",
      "resolved": "https://registry.npmjs.org/@types/commander/-/commander-2.12.2.tgz",
      "integrity": "sha1-GDBBojhC1CgUePpdI8XKeOb9CK4=",
      "requires": {
        "commander": "2.15.1"
      }
    },
    "@types/semver": {
      "version": "5.5.0",
      "resolved": "https://registry.npmjs.org/@types/semver/-/semver-5.5.0.tgz",
      "integrity": "sha512-41qEJgBH/TWgo5NFSvBCJ1qkoi3Q6ONSF2avrHq1LVEZfYpdHmj0y9SuTK+u9ZhG1sYQKBL1AWXKyLWP4RaUoQ=="
    },
    "@types/underscore": {
      "version": "1.8.8",
      "resolved": "https://registry.npmjs.org/@types/underscore/-/underscore-1.8.8.tgz",
      "integrity": "sha512-EquzRwzAAs04anQ8/6MYXFKvHoD+MIlF+gu87EDda7dN9zrKvQYHsc9VFAPB1xY4tUHQVvBMtjsHrvof2EE1Mg=="
    },
    "@uirouter/angularjs": {
      "version": "1.0.16",
      "resolved": "https://registry.npmjs.org/@uirouter/angularjs/-/angularjs-1.0.16.tgz",
      "integrity": "sha512-LqZ0YyVT4RzymKGGjECPbhlRYjD2XNMVm6hCE7SbPD6v492/QJL2nairrFumfUZIlwlut/1q9aEByyIbC5FSdQ==",
      "requires": {
        "@uirouter/core": "5.0.18"
      }
    },
    "@uirouter/core": {
      "version": "5.0.18",
      "resolved": "https://registry.npmjs.org/@uirouter/core/-/core-5.0.18.tgz",
      "integrity": "sha512-w2T2wYc6XEq7pkv3SFEXVq2IzuCrJytU21S/S9VggwOjnRHO712P+T+LLcSFLJJis2UE51mJXW9xBFSUmS3hhQ=="
    },
    "amdefine": {
      "version": "1.0.1",
      "resolved": "https://registry.npmjs.org/amdefine/-/amdefine-1.0.1.tgz",
      "integrity": "sha1-SlKCrBZHKek2Gbz9OtFR+BfOkfU="
    },
    "angular": {
      "version": "1.6.10",
      "resolved": "https://registry.npmjs.org/angular/-/angular-1.6.10.tgz",
      "integrity": "sha512-PCZ5/hVdvPQiYyH0VwsPjrErPHRcITnaXxhksceOXgtJeesKHLA7KDu4X/yvcAi+1zdGgGF+9pDxkJvghXI9Wg=="
    },
    "angular-animate": {
      "version": "1.6.10",
      "resolved": "https://registry.npmjs.org/angular-animate/-/angular-animate-1.6.10.tgz",
      "integrity": "sha512-RU9ZJbTspq0W0x675H5k1DeSgKbAFfp2aiYoNGdlD+wQNKvwwMR5ho+EkDKkx9zE02a5goe8Z6EhhYPQSff9dA=="
    },
    "angular-cookies": {
      "version": "1.6.10",
      "resolved": "https://registry.npmjs.org/angular-cookies/-/angular-cookies-1.6.10.tgz",
      "integrity": "sha512-ADfbqXLhwcaecAiWIaxpl8XWFJgWsrDl/ksSEkYm5dSoXHYlj3HKlAhPbjBv/foYS7pdI0apmSGHWrBPqdjF/g=="
    },
    "angular-dynamic-locale": {
      "version": "0.1.35",
      "resolved": "https://registry.npmjs.org/angular-dynamic-locale/-/angular-dynamic-locale-0.1.35.tgz",
      "integrity": "sha1-PoXHHmF/0aOq95P1EssHL58P4cw=",
      "requires": {
        "@types/angular": "1.6.43"
      }
    },
    "angular-i18n": {
      "version": "1.6.10",
      "resolved": "https://registry.npmjs.org/angular-i18n/-/angular-i18n-1.6.10.tgz",
      "integrity": "sha512-/57YZVxgyGmdCDttNe9fuAepI/c3lA9KgER9IY4U75f6K8eM8Y7GVhqBy3x2QQ9uTiubfvlcmoOJKCC621pPFw=="
    },
    "angular-loader": {
      "version": "1.6.10",
      "resolved": "https://registry.npmjs.org/angular-loader/-/angular-loader-1.6.10.tgz",
      "integrity": "sha512-13435aXnWj4/46Wl1o1n8BGrqwv9DyeAKiBCQX9OLYBkL6C4GwhSltemj4SI9B84S6NS/8v3snXBGSoFuDMTBA=="
    },
    "angular-resource": {
      "version": "1.6.10",
      "resolved": "https://registry.npmjs.org/angular-resource/-/angular-resource-1.6.10.tgz",
      "integrity": "sha512-jrYXUGPtpv/lTBlYZ6HZefIV6Lb+6e1HUavBPg9TSzW7s4zYRBWzMj6vMg8gZzVjWdH/nYBWfilV0qfnmZSI+A=="
    },
    "angular-route": {
      "version": "1.6.10",
      "resolved": "https://registry.npmjs.org/angular-route/-/angular-route-1.6.10.tgz",
      "integrity": "sha512-BxjrjQNCbVqQKyB3nHjNI8zSUwhnQWFZnSBv5BZ336VbMKhWu74ad5xpFx5VMk6WyHlmMGDoRagzB6AKkRcvKA=="
    },
    "angular-sanitize": {
      "version": "1.6.10",
      "resolved": "https://registry.npmjs.org/angular-sanitize/-/angular-sanitize-1.6.10.tgz",
      "integrity": "sha512-01i1Xoq9ykUrsoYQMSB6dWZmPp9Df5hfCqMAGGzJBWZ7L2WY0OtUphdI0YvR8ZF9lAsWtGNtsEFilObjq5nTgQ=="
    },
    "angular-touch": {
      "version": "1.6.10",
      "resolved": "https://registry.npmjs.org/angular-touch/-/angular-touch-1.6.10.tgz",
      "integrity": "sha512-ZblW46aN5s7OOihpXDa0qzrJXdaVGE44jc+a8e1NpOjhCKZDQze+nBHh3xw3toAF1BIfDJIkRstadk4h2R/uLg=="
    },
    "angular-ui-bootstrap": {
      "version": "2.5.6",
      "resolved": "https://registry.npmjs.org/angular-ui-bootstrap/-/angular-ui-bootstrap-2.5.6.tgz",
      "integrity": "sha512-yzcHpPMLQl0232nDzm5P4iAFTFQ9dMw0QgFLuKYbDj9M0xJ62z0oudYD/Lvh1pWfRsukiytP4Xj6BHOSrSXP8A=="
    },
    "bootstrap": {
      "version": "3.3.7",
      "resolved": "https://registry.npmjs.org/bootstrap/-/bootstrap-3.3.7.tgz",
      "integrity": "sha1-WjiTlFSfIzMIdaOxUGVldPip63E="
    },
    "clone": {
      "version": "2.1.2",
      "resolved": "https://registry.npmjs.org/clone/-/clone-2.1.2.tgz",
      "integrity": "sha1-G39Ln1kfHo+DZwQBYANFoCiHQ18="
    },
    "clone-buffer": {
      "version": "1.0.0",
      "resolved": "https://registry.npmjs.org/clone-buffer/-/clone-buffer-1.0.0.tgz",
      "integrity": "sha1-4+JbIHrE5wGvch4staFnksrD3Fg="
    },
    "clone-stats": {
      "version": "1.0.0",
      "resolved": "https://registry.npmjs.org/clone-stats/-/clone-stats-1.0.0.tgz",
      "integrity": "sha1-s3gt/4u1R04Yuba/D9/ngvh3doA="
    },
    "cloneable-readable": {
      "version": "1.1.2",
      "resolved": "https://registry.npmjs.org/cloneable-readable/-/cloneable-readable-1.1.2.tgz",
      "integrity": "sha512-Bq6+4t+lbM8vhTs/Bef5c5AdEMtapp/iFb6+s4/Hh9MVTt8OLKH7ZOOZSCT+Ys7hsHvqv0GuMPJ1lnQJVHvxpg==",
      "requires": {
        "inherits": "2.0.3",
        "process-nextick-args": "2.0.0",
        "readable-stream": "2.3.6"
      }
    },
    "commander": {
      "version": "2.15.1",
      "resolved": "https://registry.npmjs.org/commander/-/commander-2.15.1.tgz",
      "integrity": "sha512-VlfT9F3V0v+jr4yxPc5gg9s62/fIVWsd2Bk2iD435um1NlGMYdVCq+MjcXnhYq2icNOizHr1kK+5TI6H0Hy0ag=="
    },
    "commandpost": {
      "version": "1.3.0",
      "resolved": "https://registry.npmjs.org/commandpost/-/commandpost-1.3.0.tgz",
      "integrity": "sha512-T62tyrmYTkaRDbV2z1k2yXTyxk0cFptXYwo1cUbnfHtp7ThLgQ9/90jG1Ym5WLZgFhvOTaHA5VSARWJ9URpLDw=="
    },
    "core-util-is": {
      "version": "1.0.2",
      "resolved": "https://registry.npmjs.org/core-util-is/-/core-util-is-1.0.2.tgz",
      "integrity": "sha1-tf1UIgqivFq1eqtxQMlAdUUDwac="
    },
    "editorconfig": {
      "version": "0.15.0",
      "resolved": "https://registry.npmjs.org/editorconfig/-/editorconfig-0.15.0.tgz",
      "integrity": "sha1-tt1KC2ueds5I4Ga9wVOBrruIBP0=",
      "requires": {
        "@types/commander": "2.12.2",
        "@types/semver": "5.5.0",
        "commander": "2.15.1",
        "lru-cache": "4.1.2",
        "semver": "5.5.0",
        "sigmund": "1.0.1"
      }
    },
    "es5-shim": {
      "version": "4.5.10",
      "resolved": "https://registry.npmjs.org/es5-shim/-/es5-shim-4.5.10.tgz",
      "integrity": "sha512-vmryBdqKRO8Ei9LJ4yyEk/EOmAOGIagcHDYPpTAi6pot4IMHS1AC2q5cTKPmydpijg2iX8DVmCuqgrNxIWj8Yg=="
    },
    "font-awesome": {
      "version": "https://registry.npmjs.org/font-awesome/-/font-awesome-4.7.0.tgz",
      "integrity": "sha1-j6jPBBGhoxr9B7BtKQK7n8gVoTM="
    },
    "google-closure-compiler-js": {
      "version": "20180402.0.0",
      "resolved": "https://registry.npmjs.org/google-closure-compiler-js/-/google-closure-compiler-js-20180402.0.0.tgz",
      "integrity": "sha1-uQ7hHFlwMLkO0cagVN1yirqBqy0=",
      "requires": {
        "minimist": "1.2.0",
        "vinyl": "2.1.0",
        "webpack-core": "0.6.9"
      }
    },
    "inherits": {
      "version": "2.0.3",
      "resolved": "https://registry.npmjs.org/inherits/-/inherits-2.0.3.tgz",
      "integrity": "sha1-Yzwsg+PaQqUC9SRmAiSA9CCCYd4="
    },
    "isarray": {
      "version": "1.0.0",
      "resolved": "https://registry.npmjs.org/isarray/-/isarray-1.0.0.tgz",
      "integrity": "sha1-u5NdSFgsuhaMBoNJV6VKPgcSTxE="
    },
    "laclasse-common-client": {
      "version": "git+https://github.com/laclasse-com/laclasse-common-client.git#f5351b556d4ceb31a0cb18d717c0b8279df56ac8"
    },
    "lru-cache": {
      "version": "4.1.2",
      "resolved": "https://registry.npmjs.org/lru-cache/-/lru-cache-4.1.2.tgz",
      "integrity": "sha512-wgeVXhrDwAWnIF/yZARsFnMBtdFXOg1b8RIrhilp+0iDYN4mdQcNZElDZ0e4B64BhaxeQ5zN7PMyvu7we1kPeQ==",
      "requires": {
        "pseudomap": "1.0.2",
        "yallist": "2.1.2"
      }
    },
    "minimist": {
      "version": "1.2.0",
      "resolved": "https://registry.npmjs.org/minimist/-/minimist-1.2.0.tgz",
      "integrity": "sha1-o1AIsg9BOD7sH7kU9M1d95omQoQ="
    },
    "ng-color-picker": {
      "version": "git+https://github.com/cycojesus/ng-color-picker.git#3987e5ff134a43bd620269876f4117ef5eec46ff"
    },
    "process-nextick-args": {
      "version": "2.0.0",
      "resolved": "https://registry.npmjs.org/process-nextick-args/-/process-nextick-args-2.0.0.tgz",
      "integrity": "sha512-MtEC1TqN0EU5nephaJ4rAtThHtC86dNN9qCuEhtshvpVBkAW5ZO7BASN9REnF9eoXGcRub+pFuKEpOHE+HbEMw=="
    },
    "pseudomap": {
      "version": "1.0.2",
      "resolved": "https://registry.npmjs.org/pseudomap/-/pseudomap-1.0.2.tgz",
      "integrity": "sha1-8FKijacOYYkX7wqKw0wa5aaChrM="
    },
    "rangy": {
      "version": "https://registry.npmjs.org/rangy/-/rangy-1.3.0.tgz",
      "integrity": "sha1-t8mnCuoF5djNx0qNTIJz1pcnGQQ="
    },
    "readable-stream": {
      "version": "2.3.6",
      "resolved": "https://registry.npmjs.org/readable-stream/-/readable-stream-2.3.6.tgz",
      "integrity": "sha512-tQtKA9WIAhBF3+VLAseyMqZeBjW0AHJoxOtYqSUZNJxauErmLbVm2FW1y+J/YA9dUrAC39ITejlZWhVIwawkKw==",
      "requires": {
        "core-util-is": "1.0.2",
        "inherits": "2.0.3",
        "isarray": "1.0.0",
        "process-nextick-args": "2.0.0",
        "safe-buffer": "5.1.1",
        "string_decoder": "1.1.1",
        "util-deprecate": "1.0.2"
      }
    },
    "remove-trailing-separator": {
      "version": "1.1.0",
      "resolved": "https://registry.npmjs.org/remove-trailing-separator/-/remove-trailing-separator-1.1.0.tgz",
      "integrity": "sha1-wkvOKig62tW8P1jg1IJJuSN52O8="
    },
    "replace-ext": {
      "version": "1.0.0",
      "resolved": "https://registry.npmjs.org/replace-ext/-/replace-ext-1.0.0.tgz",
      "integrity": "sha1-3mMSg3P8v3w8z6TeWkgMRaZ5WOs="
    },
    "safe-buffer": {
      "version": "5.1.1",
      "resolved": "https://registry.npmjs.org/safe-buffer/-/safe-buffer-5.1.1.tgz",
      "integrity": "sha512-kKvNJn6Mm93gAczWVJg7wH+wGYWNrDHdWvpUmHyEsgCtIwwo3bqPtV4tR5tuPaUhTOo/kvhVwd8XwwOllGYkbg=="
    },
    "semver": {
      "version": "5.5.0",
      "resolved": "https://registry.npmjs.org/semver/-/semver-5.5.0.tgz",
      "integrity": "sha512-4SJ3dm0WAwWy/NVeioZh5AntkdJoWKxHxcmyP622fOkgHa4z3R0TdBJICINyaSDE6uNwVc8gZr+ZinwZAH4xIA=="
    },
    "sigmund": {
      "version": "1.0.1",
      "resolved": "https://registry.npmjs.org/sigmund/-/sigmund-1.0.1.tgz",
      "integrity": "sha1-P/IfGYytIXX587eBhT/ZTQ0ZtZA="
    },
    "source-list-map": {
      "version": "0.1.8",
      "resolved": "https://registry.npmjs.org/source-list-map/-/source-list-map-0.1.8.tgz",
      "integrity": "sha1-xVCyq1Qn9rPyH1r+rYjE9Vh7IQY="
    },
    "source-map": {
      "version": "0.4.4",
      "resolved": "https://registry.npmjs.org/source-map/-/source-map-0.4.4.tgz",
      "integrity": "sha1-66T12pwNyZneaAMti092FzZSA2s=",
      "requires": {
        "amdefine": "1.0.1"
      }
    },
    "string_decoder": {
      "version": "1.1.1",
      "resolved": "https://registry.npmjs.org/string_decoder/-/string_decoder-1.1.1.tgz",
      "integrity": "sha512-n/ShnvDi6FHbbVfviro+WojiFzv+s8MPMHBczVePfUpDJLwoLT0ht1l4YwBCbi8pJAveEEdnkHyPyTP/mzRfwg==",
      "requires": {
        "safe-buffer": "5.1.1"
      }
    },
    "sweetalert2": {
      "version": "7.19.3",
      "resolved": "https://registry.npmjs.org/sweetalert2/-/sweetalert2-7.19.3.tgz",
      "integrity": "sha512-MSRDuAkBqlvAq6xeODNs+TvXE7ddgOuvF7JEGlWMllCHTteXUB+dviqZ0FNFaRUU55dIiS8o4F4O+TnnIVwIeA=="
    },
    "textangular": {
      "version": "1.5.16",
      "resolved": "https://registry.npmjs.org/textangular/-/textangular-1.5.16.tgz",
      "integrity": "sha1-xDGc6tXaE1SJbWC+FX6pi2jZuTY=",
      "requires": {
        "rangy": "https://registry.npmjs.org/rangy/-/rangy-1.3.0.tgz"
      }
    },
    "typescript": {
      "version": "2.8.3",
      "resolved": "https://registry.npmjs.org/typescript/-/typescript-2.8.3.tgz",
      "integrity": "sha512-K7g15Bb6Ra4lKf7Iq2l/I5/En+hLIHmxWZGq3D4DIRNFxMNV6j2SHSvDOqs2tGd4UvD/fJvrwopzQXjLrT7Itw=="
    },
    "typescript-formatter": {
      "version": "7.2.0",
      "resolved": "https://registry.npmjs.org/typescript-formatter/-/typescript-formatter-7.2.0.tgz",
      "integrity": "sha512-A16UqkHtkQOF340cf21LJXchcftyBTPqNOAmP1J8Plu2m3Q8o+2fAYwgFjLXMKP6ooSPjDoOS6z8j9q+1nEnXg==",
      "requires": {
        "commandpost": "1.3.0",
        "editorconfig": "0.15.0"
      }
    },
    "underscore": {
      "version": "1.9.0",
      "resolved": "https://registry.npmjs.org/underscore/-/underscore-1.9.0.tgz",
      "integrity": "sha512-4IV1DSSxC1QK48j9ONFK1MoIAKKkbE8i7u55w2R6IqBqbT7A/iG7aZBCR2Bi8piF0Uz+i/MG1aeqLwl/5vqF+A=="
    },
    "util-deprecate": {
      "version": "1.0.2",
      "resolved": "https://registry.npmjs.org/util-deprecate/-/util-deprecate-1.0.2.tgz",
      "integrity": "sha1-RQ1Nyfpw3nMnYvvS1KKJgUGaDM8="
    },
    "vinyl": {
      "version": "2.1.0",
      "resolved": "https://registry.npmjs.org/vinyl/-/vinyl-2.1.0.tgz",
      "integrity": "sha1-Ah+cLPlR1rk5lDyJ617lrdT9kkw=",
      "requires": {
        "clone": "2.1.2",
        "clone-buffer": "1.0.0",
        "clone-stats": "1.0.0",
        "cloneable-readable": "1.1.2",
        "remove-trailing-separator": "1.1.0",
        "replace-ext": "1.0.0"
      }
    },
    "webpack-core": {
      "version": "0.6.9",
      "resolved": "https://registry.npmjs.org/webpack-core/-/webpack-core-0.6.9.tgz",
      "integrity": "sha1-/FcViMhVjad76e+23r3Fo7FyvcI=",
      "requires": {
        "source-list-map": "0.1.8",
        "source-map": "0.4.4"
      }
    },
    "yallist": {
      "version": "2.1.2",
      "resolved": "https://registry.npmjs.org/yallist/-/yallist-2.1.2.tgz",
      "integrity": "sha1-HBH5IY8HYImkfdUS+TxmmaaoHVI="
    }
  }
}
